
Microsoft Visual Studio Solution File, Format Version 12.00
# Visual Studio Version 17
VisualStudioVersion = 17.2.32526.322
MinimumVisualStudioVersion = 10.0.40219.1
Project("{FAE04EC0-301F-11D3-BF4B-00C04F79EFBC}") = "AddInventory", "AddInventory.csproj", "{2993F1AC-0064-4851-91EC-915885D62809}"
EndProject
Global
	GlobalSection(SolutionConfigurationPlatforms) = preSolution
		Debug|Any CPU = Debug|Any CPU
		Release|Any CPU = Release|Any CPU
	EndGlobalSection
	GlobalSection(ProjectConfigurationPlatforms) = postSolution
		{2993F1AC-0064-4851-91EC-915885D62809}.Debug|Any CPU.ActiveCfg = Debug|Any CPU
		{2993F1AC-0064-4851-91EC-915885D62809}.Debug|Any CPU.Build.0 = Debug|Any CPU
		{2993F1AC-0064-4851-91EC-915885D62809}.Release|Any CPU.ActiveCfg = Release|Any CPU
		{2993F1AC-0064-4851-91EC-915885D62809}.Release|Any CPU.Build.0 = Release|Any CPU
	EndGlobalSection
	GlobalSection(SolutionProperties) = preSolution
		HideSolutionNode = FALSE
	EndGlobalSection
	GlobalSection(ExtensibilityGlobals) = postSolution
		SolutionGuid = {F7C1ADAE-EF50-45A7-A23F-B65465CD01AD}
	EndGlobalSection
EndGlobal
