
Microsoft Visual Studio Solution File, Format Version 12.00
# Visual Studio Version 17
VisualStudioVersion = 17.2.32526.322
MinimumVisualStudioVersion = 10.0.40219.1
Project("{FAE04EC0-301F-11D3-BF4B-00C04F79EFBC}") = "WindowsFormsApp1", "WindowsFormsApp1.csproj", "{31DFEC2D-CEB6-4B2A-8F14-DAC5DE270774}"
EndProject
Global
	GlobalSection(SolutionConfigurationPlatforms) = preSolution
		Debug|Any CPU = Debug|Any CPU
		Release|Any CPU = Release|Any CPU
	EndGlobalSection
	GlobalSection(ProjectConfigurationPlatforms) = postSolution
		{31DFEC2D-CEB6-4B2A-8F14-DAC5DE270774}.Debug|Any CPU.ActiveCfg = Debug|Any CPU
		{31DFEC2D-CEB6-4B2A-8F14-DAC5DE270774}.Debug|Any CPU.Build.0 = Debug|Any CPU
		{31DFEC2D-CEB6-4B2A-8F14-DAC5DE270774}.Release|Any CPU.ActiveCfg = Release|Any CPU
		{31DFEC2D-CEB6-4B2A-8F14-DAC5DE270774}.Release|Any CPU.Build.0 = Release|Any CPU
	EndGlobalSection
	GlobalSection(SolutionProperties) = preSolution
		HideSolutionNode = FALSE
	EndGlobalSection
	GlobalSection(ExtensibilityGlobals) = postSolution
		SolutionGuid = {DFF7CE5A-D234-425D-959E-470DA3F9FC7D}
	EndGlobalSection
EndGlobal
